
Microsoft Visual Studio Solution File, Format Version 12.00
Project("{FAE04EC0-301F-11D3-BF4B-00C04F79EFBC}") = "Minerva", "Minerva\Minerva.csproj", "{F72218DA-A02A-49F6-97D0-C62AF9D56C41}"
EndProject
Global
	GlobalSection(SolutionConfigurationPlatforms) = preSolution
		Debug|Any CPU = Debug|Any CPU
		Release|Any CPU = Release|Any CPU
	EndGlobalSection
	GlobalSection(ProjectConfigurationPlatforms) = postSolution
		{F72218DA-A02A-49F6-97D0-C62AF9D56C41}.Debug|Any CPU.ActiveCfg = Debug|Any CPU
		{F72218DA-A02A-49F6-97D0-C62AF9D56C41}.Debug|Any CPU.Build.0 = Debug|Any CPU
		{F72218DA-A02A-49F6-97D0-C62AF9D56C41}.Release|Any CPU.ActiveCfg = Release|Any CPU
		{F72218DA-A02A-49F6-97D0-C62AF9D56C41}.Release|Any CPU.Build.0 = Release|Any CPU
	EndGlobalSection
EndGlobal
